
Microsoft Visual Studio Solution File, Format Version 12.00
# Visual Studio 15
VisualStudioVersion = 15.0.27428.2005
MinimumVisualStudioVersion = 10.0.40219.1
Project("{9A19103F-16F7-4668-BE54-9A1E7A4F7556}") = "DotNetCore.Services", "DotNetCore.Services\DotNetCore.Services.csproj", "{427A8CD5-EF2A-40A7-A77F-630F1FC52B32}"
EndProject
Project("{9A19103F-16F7-4668-BE54-9A1E7A4F7556}") = "DotNetCore.Data", "DotNetCore.Data\DotNetCore.Data.csproj", "{0F10AF27-E6C1-4447-ABA2-C69AF181B2B0}"
EndProject
Project("{9A19103F-16F7-4668-BE54-9A1E7A4F7556}") = "DotNetCore.Core", "DotNetCore.Core\DotNetCore.Core.csproj", "{CF5C0870-911D-4533-A14E-86E820F0DFFC}"
EndProject
Project("{9A19103F-16F7-4668-BE54-9A1E7A4F7556}") = "DotNetCore.Business", "DotNetCore.Business\DotNetCore.Business.csproj", "{4FE704C0-7CB0-448E-A344-8415E5F19CFB}"
EndProject
Project("{FAE04EC0-301F-11D3-BF4B-00C04F79EFBC}") = "DotNetCore.Web", "DotNetCore.Web\DotNetCore.Web.csproj", "{F2CC419C-B749-4FBB-8C34-FEBA36C7E546}"
EndProject
Global
	GlobalSection(SolutionConfigurationPlatforms) = preSolution
		Debug|Any CPU = Debug|Any CPU
		Release|Any CPU = Release|Any CPU
	EndGlobalSection
	GlobalSection(ProjectConfigurationPlatforms) = postSolution
		{427A8CD5-EF2A-40A7-A77F-630F1FC52B32}.Debug|Any CPU.ActiveCfg = Debug|Any CPU
		{427A8CD5-EF2A-40A7-A77F-630F1FC52B32}.Debug|Any CPU.Build.0 = Debug|Any CPU
		{427A8CD5-EF2A-40A7-A77F-630F1FC52B32}.Release|Any CPU.ActiveCfg = Release|Any CPU
		{427A8CD5-EF2A-40A7-A77F-630F1FC52B32}.Release|Any CPU.Build.0 = Release|Any CPU
		{0F10AF27-E6C1-4447-ABA2-C69AF181B2B0}.Debug|Any CPU.ActiveCfg = Debug|Any CPU
		{0F10AF27-E6C1-4447-ABA2-C69AF181B2B0}.Debug|Any CPU.Build.0 = Debug|Any CPU
		{0F10AF27-E6C1-4447-ABA2-C69AF181B2B0}.Release|Any CPU.ActiveCfg = Release|Any CPU
		{0F10AF27-E6C1-4447-ABA2-C69AF181B2B0}.Release|Any CPU.Build.0 = Release|Any CPU
		{CF5C0870-911D-4533-A14E-86E820F0DFFC}.Debug|Any CPU.ActiveCfg = Debug|Any CPU
		{CF5C0870-911D-4533-A14E-86E820F0DFFC}.Debug|Any CPU.Build.0 = Debug|Any CPU
		{CF5C0870-911D-4533-A14E-86E820F0DFFC}.Release|Any CPU.ActiveCfg = Release|Any CPU
		{CF5C0870-911D-4533-A14E-86E820F0DFFC}.Release|Any CPU.Build.0 = Release|Any CPU
		{4FE704C0-7CB0-448E-A344-8415E5F19CFB}.Debug|Any CPU.ActiveCfg = Debug|Any CPU
		{4FE704C0-7CB0-448E-A344-8415E5F19CFB}.Debug|Any CPU.Build.0 = Debug|Any CPU
		{4FE704C0-7CB0-448E-A344-8415E5F19CFB}.Release|Any CPU.ActiveCfg = Release|Any CPU
		{4FE704C0-7CB0-448E-A344-8415E5F19CFB}.Release|Any CPU.Build.0 = Release|Any CPU
		{F2CC419C-B749-4FBB-8C34-FEBA36C7E546}.Debug|Any CPU.ActiveCfg = Debug|Any CPU
		{F2CC419C-B749-4FBB-8C34-FEBA36C7E546}.Debug|Any CPU.Build.0 = Debug|Any CPU
		{F2CC419C-B749-4FBB-8C34-FEBA36C7E546}.Release|Any CPU.ActiveCfg = Release|Any CPU
		{F2CC419C-B749-4FBB-8C34-FEBA36C7E546}.Release|Any CPU.Build.0 = Release|Any CPU
	EndGlobalSection
	GlobalSection(SolutionProperties) = preSolution
		HideSolutionNode = FALSE
	EndGlobalSection
	GlobalSection(ExtensibilityGlobals) = postSolution
		SolutionGuid = {36DFFD23-E9FF-42E6-9A8A-786AB99D5802}
	EndGlobalSection
EndGlobal
